// !$*UTF8*$!
{
	archiveVersion = 1;
	classes = {
	};
	objectVersion = 48;
	objects = {

/* Begin PBXBuildFile section */
		0953924F1FAC42D200DEC4DD /* PushViewController.m in Sources */ = {isa = PBXBuildFile; fileRef = 0953924E1FAC42D200DEC4DD /* PushViewController.m */; };
		095FB0951FAB0E9E00BC491B /* LeftViewController.m in Sources */ = {isa = PBXBuildFile; fileRef = 095FB0941FAB0E9E00BC491B /* LeftViewController.m */; };
		095FB0C01FAB119E00BC491B /* MMDrawerBarButtonItem.m in Sources */ = {isa = PBXBuildFile; fileRef = 095FB0B61FAB119D00BC491B /* MMDrawerBarButtonItem.m */; };
		095FB0C11FAB119E00BC491B /* MMDrawerController.m in Sources */ = {isa = PBXBuildFile; fileRef = 095FB0B91FAB119D00BC491B /* MMDrawerController.m */; };
		095FB0C21FAB119E00BC491B /* MMDrawerVisualState.m in Sources */ = {isa = PBXBuildFile; fileRef = 095FB0BB1FAB119D00BC491B /* MMDrawerVisualState.m */; };
		095FB0C31FAB119E00BC491B /* MMExampleDrawerVisualStateManager.m in Sources */ = {isa = PBXBuildFile; fileRef = 095FB0BD1FAB119D00BC491B /* MMExampleDrawerVisualStateManager.m */; };
		095FB0C41FAB119E00BC491B /* UIViewController+MMDrawerController.m in Sources */ = {isa = PBXBuildFile; fileRef = 095FB0BF1FAB119D00BC491B /* UIViewController+MMDrawerController.m */; };
		09851FBF1FA1D6F800BDADA3 /* AppDelegate.m in Sources */ = {isa = PBXBuildFile; fileRef = 09851FBE1FA1D6F800BDADA3 /* AppDelegate.m */; };
		09851FC21FA1D6F800BDADA3 /* ViewController.m in Sources */ = {isa = PBXBuildFile; fileRef = 09851FC11FA1D6F800BDADA3 /* ViewController.m */; };
		09851FC51FA1D6F800BDADA3 /* Main.storyboard in Resources */ = {isa = PBXBuildFile; fileRef = 09851FC31FA1D6F800BDADA3 /* Main.storyboard */; };
		09851FC71FA1D6F800BDADA3 /* Assets.xcassets in Resources */ = {isa = PBXBuildFile; fileRef = 09851FC61FA1D6F800BDADA3 /* Assets.xcassets */; };
		09851FCA1FA1D6F800BDADA3 /* LaunchScreen.storyboard in Resources */ = {isa = PBXBuildFile; fileRef = 09851FC81FA1D6F800BDADA3 /* LaunchScreen.storyboard */; };
		09851FCD1FA1D6F800BDADA3 /* main.m in Sources */ = {isa = PBXBuildFile; fileRef = 09851FCC1FA1D6F800BDADA3 /* main.m */; };
		09851FD71FA1D6F800BDADA3 /* LinkageTests.m in Sources */ = {isa = PBXBuildFile; fileRef = 09851FD61FA1D6F800BDADA3 /* LinkageTests.m */; };
		09851FE21FA1D6F800BDADA3 /* LinkageUITests.m in Sources */ = {isa = PBXBuildFile; fileRef = 09851FE11FA1D6F800BDADA3 /* LinkageUITests.m */; };
		09851FF21FA1D7CA00BDADA3 /* OneView.m in Sources */ = {isa = PBXBuildFile; fileRef = 09851FF11FA1D7CA00BDADA3 /* OneView.m */; };
		09851FF51FA1D7F200BDADA3 /* OneCollectionViewCell.m in Sources */ = {isa = PBXBuildFile; fileRef = 09851FF41FA1D7F200BDADA3 /* OneCollectionViewCell.m */; };
		09855EFA1FB455390002C21F /* PBCollectionViewLayout.m in Sources */ = {isa = PBXBuildFile; fileRef = 09855EF91FB455390002C21F /* PBCollectionViewLayout.m */; };
		098729921FA6FD0200AC2F2F /* LinkageMenuView.m in Sources */ = {isa = PBXBuildFile; fileRef = 098729911FA6FD0200AC2F2F /* LinkageMenuView.m */; };
		0998E3231FB03A0C00B3C3DF /* ViewController1.m in Sources */ = {isa = PBXBuildFile; fileRef = 0998E3221FB03A0C00B3C3DF /* ViewController1.m */; };
		0998E3261FB03A3800B3C3DF /* ViewController2.m in Sources */ = {isa = PBXBuildFile; fileRef = 0998E3251FB03A3800B3C3DF /* ViewController2.m */; };
		0998E3291FB03A4100B3C3DF /* ViewController3.m in Sources */ = {isa = PBXBuildFile; fileRef = 0998E3281FB03A4100B3C3DF /* ViewController3.m */; };
		0998E32E1FB0573000B3C3DF /* SYHeaderView.m in Sources */ = {isa = PBXBuildFile; fileRef = 0998E32D1FB0573000B3C3DF /* SYHeaderView.m */; };
		0998E3321FB0676400B3C3DF /* UIView+Frame.m in Sources */ = {isa = PBXBuildFile; fileRef = 0998E3311FB0676400B3C3DF /* UIView+Frame.m */; };
		09DB475F1FA2F6B900A0BC23 /* TowView.m in Sources */ = {isa = PBXBuildFile; fileRef = 09DB475E1FA2F6B900A0BC23 /* TowView.m */; };
		EE086BA1F1C76B6174014658 /* libPods-Linkage.a in Frameworks */ = {isa = PBXBuildFile; fileRef = 49A653BB4E4137305F333768 /* libPods-Linkage.a */; };
/* End PBXBuildFile section */

/* Begin PBXContainerItemProxy section */
		09851FD31FA1D6F800BDADA3 /* PBXContainerItemProxy */ = {
			isa = PBXContainerItemProxy;
			containerPortal = 09851FB21FA1D6F700BDADA3 /* Project object */;
			proxyType = 1;
			remoteGlobalIDString = 09851FB91FA1D6F800BDADA3;
			remoteInfo = Linkage;
		};
		09851FDE1FA1D6F800BDADA3 /* PBXContainerItemProxy */ = {
			isa = PBXContainerItemProxy;
			containerPortal = 09851FB21FA1D6F700BDADA3 /* Project object */;
			proxyType = 1;
			remoteGlobalIDString = 09851FB91FA1D6F800BDADA3;
			remoteInfo = Linkage;
		};
/* End PBXContainerItemProxy section */

/* Begin PBXFileReference section */
		0953924D1FAC42D200DEC4DD /* PushViewController.h */ = {isa = PBXFileReference; lastKnownFileType = sourcecode.c.h; path = PushViewController.h; sourceTree = "<group>"; };
		0953924E1FAC42D200DEC4DD /* PushViewController.m */ = {isa = PBXFileReference; lastKnownFileType = sourcecode.c.objc; path = PushViewController.m; sourceTree = "<group>"; };
		095FB0931FAB0E9E00BC491B /* LeftViewController.h */ = {isa = PBXFileReference; lastKnownFileType = sourcecode.c.h; path = LeftViewController.h; sourceTree = "<group>"; };
		095FB0941FAB0E9E00BC491B /* LeftViewController.m */ = {isa = PBXFileReference; lastKnownFileType = sourcecode.c.objc; path = LeftViewController.m; sourceTree = "<group>"; };
		095FB0A81FAB114900BC491B /* MMDrawerBarButtonItem.h */ = {isa = PBXFileReference; lastKnownFileType = sourcecode.c.h; path = MMDrawerBarButtonItem.h; sourceTree = "<group>"; };
		095FB0A91FAB114900BC491B /* MMDrawerBarButtonItem.m */ = {isa = PBXFileReference; lastKnownFileType = sourcecode.c.objc; path = MMDrawerBarButtonItem.m; sourceTree = "<group>"; };
		095FB0AA1FAB114900BC491B /* MMDrawerController+Subclass.h */ = {isa = PBXFileReference; lastKnownFileType = sourcecode.c.h; path = "MMDrawerController+Subclass.h"; sourceTree = "<group>"; };
		095FB0AB1FAB114900BC491B /* MMDrawerController.h */ = {isa = PBXFileReference; lastKnownFileType = sourcecode.c.h; path = MMDrawerController.h; sourceTree = "<group>"; };
		095FB0AC1FAB114900BC491B /* MMDrawerController.m */ = {isa = PBXFileReference; lastKnownFileType = sourcecode.c.objc; path = MMDrawerController.m; sourceTree = "<group>"; };
		095FB0AD1FAB114900BC491B /* MMDrawerVisualState.h */ = {isa = PBXFileReference; lastKnownFileType = sourcecode.c.h; path = MMDrawerVisualState.h; sourceTree = "<group>"; };
		095FB0AE1FAB114900BC491B /* MMDrawerVisualState.m */ = {isa = PBXFileReference; lastKnownFileType = sourcecode.c.objc; path = MMDrawerVisualState.m; sourceTree = "<group>"; };
		095FB0AF1FAB114900BC491B /* MMExampleDrawerVisualStateManager.h */ = {isa = PBXFileReference; lastKnownFileType = sourcecode.c.h; path = MMExampleDrawerVisualStateManager.h; sourceTree = "<group>"; };
		095FB0B01FAB114900BC491B /* MMExampleDrawerVisualStateManager.m */ = {isa = PBXFileReference; lastKnownFileType = sourcecode.c.objc; path = MMExampleDrawerVisualStateManager.m; sourceTree = "<group>"; };
		095FB0B11FAB114900BC491B /* UIViewController+MMDrawerController.h */ = {isa = PBXFileReference; lastKnownFileType = sourcecode.c.h; path = "UIViewController+MMDrawerController.h"; sourceTree = "<group>"; };
		095FB0B21FAB114900BC491B /* UIViewController+MMDrawerController.m */ = {isa = PBXFileReference; lastKnownFileType = sourcecode.c.objc; path = "UIViewController+MMDrawerController.m"; sourceTree = "<group>"; };
		095FB0B31FAB116700BC491B /* MMDrawerController.h */ = {isa = PBXFileReference; fileEncoding = 4; lastKnownFileType = sourcecode.c.h; path = MMDrawerController.h; sourceTree = "<group>"; };
		095FB0B51FAB119D00BC491B /* MMDrawerBarButtonItem.h */ = {isa = PBXFileReference; fileEncoding = 4; lastKnownFileType = sourcecode.c.h; path = MMDrawerBarButtonItem.h; sourceTree = "<group>"; };
		095FB0B61FAB119D00BC491B /* MMDrawerBarButtonItem.m */ = {isa = PBXFileReference; fileEncoding = 4; lastKnownFileType = sourcecode.c.objc; path = MMDrawerBarButtonItem.m; sourceTree = "<group>"; };
		095FB0B71FAB119D00BC491B /* MMDrawerController+Subclass.h */ = {isa = PBXFileReference; fileEncoding = 4; lastKnownFileType = sourcecode.c.h; path = "MMDrawerController+Subclass.h"; sourceTree = "<group>"; };
		095FB0B81FAB119D00BC491B /* MMDrawerController.h */ = {isa = PBXFileReference; fileEncoding = 4; lastKnownFileType = sourcecode.c.h; path = MMDrawerController.h; sourceTree = "<group>"; };
		095FB0B91FAB119D00BC491B /* MMDrawerController.m */ = {isa = PBXFileReference; fileEncoding = 4; lastKnownFileType = sourcecode.c.objc; path = MMDrawerController.m; sourceTree = "<group>"; };
		095FB0BA1FAB119D00BC491B /* MMDrawerVisualState.h */ = {isa = PBXFileReference; fileEncoding = 4; lastKnownFileType = sourcecode.c.h; path = MMDrawerVisualState.h; sourceTree = "<group>"; };
		095FB0BB1FAB119D00BC491B /* MMDrawerVisualState.m */ = {isa = PBXFileReference; fileEncoding = 4; lastKnownFileType = sourcecode.c.objc; path = MMDrawerVisualState.m; sourceTree = "<group>"; };
		095FB0BC1FAB119D00BC491B /* MMExampleDrawerVisualStateManager.h */ = {isa = PBXFileReference; fileEncoding = 4; lastKnownFileType = sourcecode.c.h; path = MMExampleDrawerVisualStateManager.h; sourceTree = "<group>"; };
		095FB0BD1FAB119D00BC491B /* MMExampleDrawerVisualStateManager.m */ = {isa = PBXFileReference; fileEncoding = 4; lastKnownFileType = sourcecode.c.objc; path = MMExampleDrawerVisualStateManager.m; sourceTree = "<group>"; };
		095FB0BE1FAB119D00BC491B /* UIViewController+MMDrawerController.h */ = {isa = PBXFileReference; fileEncoding = 4; lastKnownFileType = sourcecode.c.h; path = "UIViewController+MMDrawerController.h"; sourceTree = "<group>"; };
		095FB0BF1FAB119D00BC491B /* UIViewController+MMDrawerController.m */ = {isa = PBXFileReference; fileEncoding = 4; lastKnownFileType = sourcecode.c.objc; path = "UIViewController+MMDrawerController.m"; sourceTree = "<group>"; };
		09851FBA1FA1D6F800BDADA3 /* Linkage.app */ = {isa = PBXFileReference; explicitFileType = wrapper.application; includeInIndex = 0; path = Linkage.app; sourceTree = BUILT_PRODUCTS_DIR; };
		09851FBD1FA1D6F800BDADA3 /* AppDelegate.h */ = {isa = PBXFileReference; lastKnownFileType = sourcecode.c.h; path = AppDelegate.h; sourceTree = "<group>"; };
		09851FBE1FA1D6F800BDADA3 /* AppDelegate.m */ = {isa = PBXFileReference; lastKnownFileType = sourcecode.c.objc; path = AppDelegate.m; sourceTree = "<group>"; };
		09851FC01FA1D6F800BDADA3 /* ViewController.h */ = {isa = PBXFileReference; lastKnownFileType = sourcecode.c.h; path = ViewController.h; sourceTree = "<group>"; };
		09851FC11FA1D6F800BDADA3 /* ViewController.m */ = {isa = PBXFileReference; lastKnownFileType = sourcecode.c.objc; path = ViewController.m; sourceTree = "<group>"; };
		09851FC41FA1D6F800BDADA3 /* Base */ = {isa = PBXFileReference; lastKnownFileType = file.storyboard; name = Base; path = Base.lproj/Main.storyboard; sourceTree = "<group>"; };
		09851FC61FA1D6F800BDADA3 /* Assets.xcassets */ = {isa = PBXFileReference; lastKnownFileType = folder.assetcatalog; path = Assets.xcassets; sourceTree = "<group>"; };
		09851FC91FA1D6F800BDADA3 /* Base */ = {isa = PBXFileReference; lastKnownFileType = file.storyboard; name = Base; path = Base.lproj/LaunchScreen.storyboard; sourceTree = "<group>"; };
		09851FCB1FA1D6F800BDADA3 /* Info.plist */ = {isa = PBXFileReference; lastKnownFileType = text.plist.xml; path = Info.plist; sourceTree = "<group>"; };
		09851FCC1FA1D6F800BDADA3 /* main.m */ = {isa = PBXFileReference; lastKnownFileType = sourcecode.c.objc; path = main.m; sourceTree = "<group>"; };
		09851FD21FA1D6F800BDADA3 /* LinkageTests.xctest */ = {isa = PBXFileReference; explicitFileType = wrapper.cfbundle; includeInIndex = 0; path = LinkageTests.xctest; sourceTree = BUILT_PRODUCTS_DIR; };
		09851FD61FA1D6F800BDADA3 /* LinkageTests.m */ = {isa = PBXFileReference; lastKnownFileType = sourcecode.c.objc; path = LinkageTests.m; sourceTree = "<group>"; };
		09851FD81FA1D6F800BDADA3 /* Info.plist */ = {isa = PBXFileReference; lastKnownFileType = text.plist.xml; path = Info.plist; sourceTree = "<group>"; };
		09851FDD1FA1D6F800BDADA3 /* LinkageUITests.xctest */ = {isa = PBXFileReference; explicitFileType = wrapper.cfbundle; includeInIndex = 0; path = LinkageUITests.xctest; sourceTree = BUILT_PRODUCTS_DIR; };
		09851FE11FA1D6F800BDADA3 /* LinkageUITests.m */ = {isa = PBXFileReference; lastKnownFileType = sourcecode.c.objc; path = LinkageUITests.m; sourceTree = "<group>"; };
		09851FE31FA1D6F800BDADA3 /* Info.plist */ = {isa = PBXFileReference; lastKnownFileType = text.plist.xml; path = Info.plist; sourceTree = "<group>"; };
		09851FF01FA1D7CA00BDADA3 /* OneView.h */ = {isa = PBXFileReference; lastKnownFileType = sourcecode.c.h; path = OneView.h; sourceTree = "<group>"; };
		09851FF11FA1D7CA00BDADA3 /* OneView.m */ = {isa = PBXFileReference; lastKnownFileType = sourcecode.c.objc; path = OneView.m; sourceTree = "<group>"; };
		09851FF31FA1D7F200BDADA3 /* OneCollectionViewCell.h */ = {isa = PBXFileReference; lastKnownFileType = sourcecode.c.h; path = OneCollectionViewCell.h; sourceTree = "<group>"; };
		09851FF41FA1D7F200BDADA3 /* OneCollectionViewCell.m */ = {isa = PBXFileReference; lastKnownFileType = sourcecode.c.objc; path = OneCollectionViewCell.m; sourceTree = "<group>"; };
		09855EF81FB455390002C21F /* PBCollectionViewLayout.h */ = {isa = PBXFileReference; lastKnownFileType = sourcecode.c.h; path = PBCollectionViewLayout.h; sourceTree = "<group>"; };
		09855EF91FB455390002C21F /* PBCollectionViewLayout.m */ = {isa = PBXFileReference; lastKnownFileType = sourcecode.c.objc; path = PBCollectionViewLayout.m; sourceTree = "<group>"; };
		098729901FA6FD0200AC2F2F /* LinkageMenuView.h */ = {isa = PBXFileReference; lastKnownFileType = sourcecode.c.h; path = LinkageMenuView.h; sourceTree = "<group>"; };
		098729911FA6FD0200AC2F2F /* LinkageMenuView.m */ = {isa = PBXFileReference; lastKnownFileType = sourcecode.c.objc; path = LinkageMenuView.m; sourceTree = "<group>"; };
		0998E3211FB03A0C00B3C3DF /* ViewController1.h */ = {isa = PBXFileReference; lastKnownFileType = sourcecode.c.h; path = ViewController1.h; sourceTree = "<group>"; };
		0998E3221FB03A0C00B3C3DF /* ViewController1.m */ = {isa = PBXFileReference; lastKnownFileType = sourcecode.c.objc; path = ViewController1.m; sourceTree = "<group>"; };
		0998E3241FB03A3800B3C3DF /* ViewController2.h */ = {isa = PBXFileReference; lastKnownFileType = sourcecode.c.h; path = ViewController2.h; sourceTree = "<group>"; };
		0998E3251FB03A3800B3C3DF /* ViewController2.m */ = {isa = PBXFileReference; lastKnownFileType = sourcecode.c.objc; path = ViewController2.m; sourceTree = "<group>"; };
		0998E3271FB03A4100B3C3DF /* ViewController3.h */ = {isa = PBXFileReference; lastKnownFileType = sourcecode.c.h; path = ViewController3.h; sourceTree = "<group>"; };
		0998E3281FB03A4100B3C3DF /* ViewController3.m */ = {isa = PBXFileReference; lastKnownFileType = sourcecode.c.objc; path = ViewController3.m; sourceTree = "<group>"; };
		0998E32A1FB0556900B3C3DF /* PrefixHeader.pch */ = {isa = PBXFileReference; lastKnownFileType = sourcecode.c.h; path = PrefixHeader.pch; sourceTree = "<group>"; };
		0998E32C1FB0573000B3C3DF /* SYHeaderView.h */ = {isa = PBXFileReference; lastKnownFileType = sourcecode.c.h; path = SYHeaderView.h; sourceTree = "<group>"; };
		0998E32D1FB0573000B3C3DF /* SYHeaderView.m */ = {isa = PBXFileReference; lastKnownFileType = sourcecode.c.objc; path = SYHeaderView.m; sourceTree = "<group>"; };
		0998E3301FB0676400B3C3DF /* UIView+Frame.h */ = {isa = PBXFileReference; lastKnownFileType = sourcecode.c.h; path = "UIView+Frame.h"; sourceTree = "<group>"; };
		0998E3311FB0676400B3C3DF /* UIView+Frame.m */ = {isa = PBXFileReference; lastKnownFileType = sourcecode.c.objc; path = "UIView+Frame.m"; sourceTree = "<group>"; };
		09DB475D1FA2F6B900A0BC23 /* TowView.h */ = {isa = PBXFileReference; lastKnownFileType = sourcecode.c.h; path = TowView.h; sourceTree = "<group>"; };
		09DB475E1FA2F6B900A0BC23 /* TowView.m */ = {isa = PBXFileReference; lastKnownFileType = sourcecode.c.objc; path = TowView.m; sourceTree = "<group>"; };
		49A653BB4E4137305F333768 /* libPods-Linkage.a */ = {isa = PBXFileReference; explicitFileType = archive.ar; includeInIndex = 0; path = "libPods-Linkage.a"; sourceTree = BUILT_PRODUCTS_DIR; };
		551E185FE6CBD23A3CE0C2BC /* Pods-Linkage.debug.xcconfig */ = {isa = PBXFileReference; includeInIndex = 1; lastKnownFileType = text.xcconfig; name = "Pods-Linkage.debug.xcconfig"; path = "Pods/Target Support Files/Pods-Linkage/Pods-Linkage.debug.xcconfig"; sourceTree = "<group>"; };
		5F2C75A6D120920407EC49A8 /* Pods-Linkage.release.xcconfig */ = {isa = PBXFileReference; includeInIndex = 1; lastKnownFileType = text.xcconfig; name = "Pods-Linkage.release.xcconfig"; path = "Pods/Target Support Files/Pods-Linkage/Pods-Linkage.release.xcconfig"; sourceTree = "<group>"; };
/* End PBXFileReference section */

/* Begin PBXFrameworksBuildPhase section */
		09851FB71FA1D6F800BDADA3 /* Frameworks */ = {
			isa = PBXFrameworksBuildPhase;
			buildActionMask = 2147483647;
			files = (
				EE086BA1F1C76B6174014658 /* libPods-Linkage.a in Frameworks */,
			);
			runOnlyForDeploymentPostprocessing = 0;
		};
		09851FCF1FA1D6F800BDADA3 /* Frameworks */ = {
			isa = PBXFrameworksBuildPhase;
			buildActionMask = 2147483647;
			files = (
			);
			runOnlyForDeploymentPostprocessing = 0;
		};
		09851FDA1FA1D6F800BDADA3 /* Frameworks */ = {
			isa = PBXFrameworksBuildPhase;
			buildActionMask = 2147483647;
			files = (
			);
			runOnlyForDeploymentPostprocessing = 0;
		};
/* End PBXFrameworksBuildPhase section */

/* Begin PBXGroup section */
		095FB0A71FAB114900BC491B /* MMDrawerController */ = {
			isa = PBXGroup;
			children = (
				095FB0B31FAB116700BC491B /* MMDrawerController.h */,
				095FB0A81FAB114900BC491B /* MMDrawerBarButtonItem.h */,
				095FB0A91FAB114900BC491B /* MMDrawerBarButtonItem.m */,
				095FB0AA1FAB114900BC491B /* MMDrawerController+Subclass.h */,
				095FB0AB1FAB114900BC491B /* MMDrawerController.h */,
				095FB0AC1FAB114900BC491B /* MMDrawerController.m */,
				095FB0AD1FAB114900BC491B /* MMDrawerVisualState.h */,
				095FB0AE1FAB114900BC491B /* MMDrawerVisualState.m */,
				095FB0AF1FAB114900BC491B /* MMExampleDrawerVisualStateManager.h */,
				095FB0B01FAB114900BC491B /* MMExampleDrawerVisualStateManager.m */,
				095FB0B11FAB114900BC491B /* UIViewController+MMDrawerController.h */,
				095FB0B21FAB114900BC491B /* UIViewController+MMDrawerController.m */,
			);
			path = MMDrawerController;
			sourceTree = "<group>";
		};
		095FB0B41FAB119D00BC491B /* MMDrawerController */ = {
			isa = PBXGroup;
			children = (
				095FB0B51FAB119D00BC491B /* MMDrawerBarButtonItem.h */,
				095FB0B61FAB119D00BC491B /* MMDrawerBarButtonItem.m */,
				095FB0B71FAB119D00BC491B /* MMDrawerController+Subclass.h */,
				095FB0B81FAB119D00BC491B /* MMDrawerController.h */,
				095FB0B91FAB119D00BC491B /* MMDrawerController.m */,
				095FB0BA1FAB119D00BC491B /* MMDrawerVisualState.h */,
				095FB0BB1FAB119D00BC491B /* MMDrawerVisualState.m */,
				095FB0BC1FAB119D00BC491B /* MMExampleDrawerVisualStateManager.h */,
				095FB0BD1FAB119D00BC491B /* MMExampleDrawerVisualStateManager.m */,
				095FB0BE1FAB119D00BC491B /* UIViewController+MMDrawerController.h */,
				095FB0BF1FAB119D00BC491B /* UIViewController+MMDrawerController.m */,
			);
			path = MMDrawerController;
			sourceTree = "<group>";
		};
		09851FB11FA1D6F700BDADA3 = {
			isa = PBXGroup;
			children = (
				09851FBC1FA1D6F800BDADA3 /* Linkage */,
				09851FD51FA1D6F800BDADA3 /* LinkageTests */,
				09851FE01FA1D6F800BDADA3 /* LinkageUITests */,
				09851FBB1FA1D6F800BDADA3 /* Products */,
				C68845E4E2B565656D8BF43E /* Pods */,
				1626B8B07BEF83ADFD60927E /* Frameworks */,
			);
			sourceTree = "<group>";
		};
		09851FBB1FA1D6F800BDADA3 /* Products */ = {
			isa = PBXGroup;
			children = (
				09851FBA1FA1D6F800BDADA3 /* Linkage.app */,
				09851FD21FA1D6F800BDADA3 /* LinkageTests.xctest */,
				09851FDD1FA1D6F800BDADA3 /* LinkageUITests.xctest */,
			);
			name = Products;
			sourceTree = "<group>";
		};
		09851FBC1FA1D6F800BDADA3 /* Linkage */ = {
			isa = PBXGroup;
			children = (
				095FB0A71FAB114900BC491B /* MMDrawerController */,
				095FB0B41FAB119D00BC491B /* MMDrawerController */,
				09851FEF1FA1D7AA00BDADA3 /* rightView */,
				0987298F1FA6FCA000AC2F2F /* Linkage */,
				09851FBD1FA1D6F800BDADA3 /* AppDelegate.h */,
				09851FBE1FA1D6F800BDADA3 /* AppDelegate.m */,
				0998E3201FB0384E00B3C3DF /* TabbarController */,
				0998E32F1FB066CE00B3C3DF /* Category */,
				0998E31F1FB02EC600B3C3DF /* LeftController */,
				0998E32B1FB056E400B3C3DF /* View */,
				09851FC31FA1D6F800BDADA3 /* Main.storyboard */,
				09851FC61FA1D6F800BDADA3 /* Assets.xcassets */,
				09851FC81FA1D6F800BDADA3 /* LaunchScreen.storyboard */,
				09851FCB1FA1D6F800BDADA3 /* Info.plist */,
				09851FCC1FA1D6F800BDADA3 /* main.m */,
				0998E32A1FB0556900B3C3DF /* PrefixHeader.pch */,
			);
			path = Linkage;
			sourceTree = "<group>";
		};
		09851FD51FA1D6F800BDADA3 /* LinkageTests */ = {
			isa = PBXGroup;
			children = (
				09851FD61FA1D6F800BDADA3 /* LinkageTests.m */,
				09851FD81FA1D6F800BDADA3 /* Info.plist */,
			);
			path = LinkageTests;
			sourceTree = "<group>";
		};
		09851FE01FA1D6F800BDADA3 /* LinkageUITests */ = {
			isa = PBXGroup;
			children = (
				09851FE11FA1D6F800BDADA3 /* LinkageUITests.m */,
				09851FE31FA1D6F800BDADA3 /* Info.plist */,
			);
			path = LinkageUITests;
			sourceTree = "<group>";
		};
		09851FEF1FA1D7AA00BDADA3 /* rightView */ = {
			isa = PBXGroup;
			children = (
				09851FF31FA1D7F200BDADA3 /* OneCollectionViewCell.h */,
				09851FF41FA1D7F200BDADA3 /* OneCollectionViewCell.m */,
				09851FF01FA1D7CA00BDADA3 /* OneView.h */,
				09851FF11FA1D7CA00BDADA3 /* OneView.m */,
				09DB475D1FA2F6B900A0BC23 /* TowView.h */,
				09DB475E1FA2F6B900A0BC23 /* TowView.m */,
			);
			path = rightView;
			sourceTree = "<group>";
		};
		0987298F1FA6FCA000AC2F2F /* Linkage */ = {
			isa = PBXGroup;
			children = (
				098729901FA6FD0200AC2F2F /* LinkageMenuView.h */,
				098729911FA6FD0200AC2F2F /* LinkageMenuView.m */,
			);
			path = Linkage;
			sourceTree = "<group>";
		};
		0998E31F1FB02EC600B3C3DF /* LeftController */ = {
			isa = PBXGroup;
			children = (
				095FB0931FAB0E9E00BC491B /* LeftViewController.h */,
				095FB0941FAB0E9E00BC491B /* LeftViewController.m */,
				0953924D1FAC42D200DEC4DD /* PushViewController.h */,
				0953924E1FAC42D200DEC4DD /* PushViewController.m */,
			);
			path = LeftController;
			sourceTree = "<group>";
		};
		0998E3201FB0384E00B3C3DF /* TabbarController */ = {
			isa = PBXGroup;
			children = (
				09851FC01FA1D6F800BDADA3 /* ViewController.h */,
				09851FC11FA1D6F800BDADA3 /* ViewController.m */,
				0998E3211FB03A0C00B3C3DF /* ViewController1.h */,
				0998E3221FB03A0C00B3C3DF /* ViewController1.m */,
				0998E3241FB03A3800B3C3DF /* ViewController2.h */,
				0998E3251FB03A3800B3C3DF /* ViewController2.m */,
				0998E3271FB03A4100B3C3DF /* ViewController3.h */,
				0998E3281FB03A4100B3C3DF /* ViewController3.m */,
			);
			path = TabbarController;
			sourceTree = "<group>";
		};
		0998E32B1FB056E400B3C3DF /* View */ = {
			isa = PBXGroup;
			children = (
				0998E32C1FB0573000B3C3DF /* SYHeaderView.h */,
				0998E32D1FB0573000B3C3DF /* SYHeaderView.m */,
				09855EF81FB455390002C21F /* PBCollectionViewLayout.h */,
				09855EF91FB455390002C21F /* PBCollectionViewLayout.m */,
			);
			path = View;
			sourceTree = "<group>";
		};
		0998E32F1FB066CE00B3C3DF /* Category */ = {
			isa = PBXGroup;
			children = (
				0998E3301FB0676400B3C3DF /* UIView+Frame.h */,
				0998E3311FB0676400B3C3DF /* UIView+Frame.m */,
			);
			path = Category;
			sourceTree = "<group>";
		};
		1626B8B07BEF83ADFD60927E /* Frameworks */ = {
			isa = PBXGroup;
			children = (
				49A653BB4E4137305F333768 /* libPods-Linkage.a */,
			);
			name = Frameworks;
			sourceTree = "<group>";
		};
		C68845E4E2B565656D8BF43E /* Pods */ = {
			isa = PBXGroup;
			children = (
				551E185FE6CBD23A3CE0C2BC /* Pods-Linkage.debug.xcconfig */,
				5F2C75A6D120920407EC49A8 /* Pods-Linkage.release.xcconfig */,
			);
			name = Pods;
			sourceTree = "<group>";
		};
/* End PBXGroup section */

/* Begin PBXNativeTarget section */
		09851FB91FA1D6F800BDADA3 /* Linkage */ = {
			isa = PBXNativeTarget;
			buildConfigurationList = 09851FE61FA1D6F800BDADA3 /* Build configuration list for PBXNativeTarget "Linkage" */;
			buildPhases = (
				ADAC71B9E1CEE011EF55AF33 /* [CP] Check Pods Manifest.lock */,
				09851FB61FA1D6F800BDADA3 /* Sources */,
				09851FB71FA1D6F800BDADA3 /* Frameworks */,
				09851FB81FA1D6F800BDADA3 /* Resources */,
				93E79BA09E985FCA08EC720F /* [CP] Embed Pods Frameworks */,
				7EA9E86032BDC1922875E08E /* [CP] Copy Pods Resources */,
			);
			buildRules = (
			);
			dependencies = (
			);
			name = Linkage;
			productName = Linkage;
			productReference = 09851FBA1FA1D6F800BDADA3 /* Linkage.app */;
			productType = "com.apple.product-type.application";
		};
		09851FD11FA1D6F800BDADA3 /* LinkageTests */ = {
			isa = PBXNativeTarget;
			buildConfigurationList = 09851FE91FA1D6F800BDADA3 /* Build configuration list for PBXNativeTarget "LinkageTests" */;
			buildPhases = (
				09851FCE1FA1D6F800BDADA3 /* Sources */,
				09851FCF1FA1D6F800BDADA3 /* Frameworks */,
				09851FD01FA1D6F800BDADA3 /* Resources */,
			);
			buildRules = (
			);
			dependencies = (
				09851FD41FA1D6F800BDADA3 /* PBXTargetDependency */,
			);
			name = LinkageTests;
			productName = LinkageTests;
			productReference = 09851FD21FA1D6F800BDADA3 /* LinkageTests.xctest */;
			productType = "com.apple.product-type.bundle.unit-test";
		};
		09851FDC1FA1D6F800BDADA3 /* LinkageUITests */ = {
			isa = PBXNativeTarget;
			buildConfigurationList = 09851FEC1FA1D6F800BDADA3 /* Build configuration list for PBXNativeTarget "LinkageUITests" */;
			buildPhases = (
				09851FD91FA1D6F800BDADA3 /* Sources */,
				09851FDA1FA1D6F800BDADA3 /* Frameworks */,
				09851FDB1FA1D6F800BDADA3 /* Resources */,
			);
			buildRules = (
			);
			dependencies = (
				09851FDF1FA1D6F800BDADA3 /* PBXTargetDependency */,
			);
			name = LinkageUITests;
			productName = LinkageUITests;
			productReference = 09851FDD1FA1D6F800BDADA3 /* LinkageUITests.xctest */;
			productType = "com.apple.product-type.bundle.ui-testing";
		};
/* End PBXNativeTarget section */

/* Begin PBXProject section */
		09851FB21FA1D6F700BDADA3 /* Project object */ = {
			isa = PBXProject;
			attributes = {
				LastUpgradeCheck = 0900;
				ORGANIZATIONNAME = ProductTest;
				TargetAttributes = {
					09851FB91FA1D6F800BDADA3 = {
						CreatedOnToolsVersion = 9.0;
						ProvisioningStyle = Automatic;
					};
					09851FD11FA1D6F800BDADA3 = {
						CreatedOnToolsVersion = 9.0;
						ProvisioningStyle = Automatic;
						TestTargetID = 09851FB91FA1D6F800BDADA3;
					};
					09851FDC1FA1D6F800BDADA3 = {
						CreatedOnToolsVersion = 9.0;
						ProvisioningStyle = Automatic;
						TestTargetID = 09851FB91FA1D6F800BDADA3;
					};
				};
			};
			buildConfigurationList = 09851FB51FA1D6F700BDADA3 /* Build configuration list for PBXProject "Linkage" */;
			compatibilityVersion = "Xcode 8.0";
			developmentRegion = en;
			hasScannedForEncodings = 0;
			knownRegions = (
				en,
				Base,
			);
			mainGroup = 09851FB11FA1D6F700BDADA3;
			productRefGroup = 09851FBB1FA1D6F800BDADA3 /* Products */;
			projectDirPath = "";
			projectRoot = "";
			targets = (
				09851FB91FA1D6F800BDADA3 /* Linkage */,
				09851FD11FA1D6F800BDADA3 /* LinkageTests */,
				09851FDC1FA1D6F800BDADA3 /* LinkageUITests */,
			);
		};
/* End PBXProject section */

/* Begin PBXResourcesBuildPhase section */
		09851FB81FA1D6F800BDADA3 /* Resources */ = {
			isa = PBXResourcesBuildPhase;
			buildActionMask = 2147483647;
			files = (
				09851FCA1FA1D6F800BDADA3 /* LaunchScreen.storyboard in Resources */,
				09851FC71FA1D6F800BDADA3 /* Assets.xcassets in Resources */,
				09851FC51FA1D6F800BDADA3 /* Main.storyboard in Resources */,
			);
			runOnlyForDeploymentPostprocessing = 0;
		};
		09851FD01FA1D6F800BDADA3 /* Resources */ = {
			isa = PBXResourcesBuildPhase;
			buildActionMask = 2147483647;
			files = (
			);
			runOnlyForDeploymentPostprocessing = 0;
		};
		09851FDB1FA1D6F800BDADA3 /* Resources */ = {
			isa = PBXResourcesBuildPhase;
			buildActionMask = 2147483647;
			files = (
			);
			runOnlyForDeploymentPostprocessing = 0;
		};
/* End PBXResourcesBuildPhase section */

/* Begin PBXShellScriptBuildPhase section */
		7EA9E86032BDC1922875E08E /* [CP] Copy Pods Resources */ = {
			isa = PBXShellScriptBuildPhase;
			buildActionMask = 2147483647;
			files = (
			);
			inputPaths = (
				"${SRCROOT}/Pods/Target Support Files/Pods-Linkage/Pods-Linkage-resources.sh",
				"${PODS_ROOT}/MJRefresh/MJRefresh/MJRefresh.bundle",
			);
			name = "[CP] Copy Pods Resources";
			outputPaths = (
				"${TARGET_BUILD_DIR}/${UNLOCALIZED_RESOURCES_FOLDER_PATH}",
			);
			runOnlyForDeploymentPostprocessing = 0;
			shellPath = /bin/sh;
			shellScript = "\"${SRCROOT}/Pods/Target Support Files/Pods-Linkage/Pods-Linkage-resources.sh\"\n";
			showEnvVarsInLog = 0;
		};
		93E79BA09E985FCA08EC720F /* [CP] Embed Pods Frameworks */ = {
			isa = PBXShellScriptBuildPhase;
			buildActionMask = 2147483647;
			files = (
			);
			inputPaths = (
			);
			name = "[CP] Embed Pods Frameworks";
			outputPaths = (
			);
			runOnlyForDeploymentPostprocessing = 0;
			shellPath = /bin/sh;
			shellScript = "\"${SRCROOT}/Pods/Target Support Files/Pods-Linkage/Pods-Linkage-frameworks.sh\"\n";
			showEnvVarsInLog = 0;
		};
		ADAC71B9E1CEE011EF55AF33 /* [CP] Check Pods Manifest.lock */ = {
			isa = PBXShellScriptBuildPhase;
			buildActionMask = 2147483647;
			files = (
			);
			inputPaths = (
				"${PODS_PODFILE_DIR_PATH}/Podfile.lock",
				"${PODS_ROOT}/Manifest.lock",
			);
			name = "[CP] Check Pods Manifest.lock";
			outputPaths = (
				"$(DERIVED_FILE_DIR)/Pods-Linkage-checkManifestLockResult.txt",
			);
			runOnlyForDeploymentPostprocessing = 0;
			shellPath = /bin/sh;
			shellScript = "diff \"${PODS_PODFILE_DIR_PATH}/Podfile.lock\" \"${PODS_ROOT}/Manifest.lock\" > /dev/null\nif [ $? != 0 ] ; then\n    # print error to STDERR\n    echo \"error: The sandbox is not in sync with the Podfile.lock. Run 'pod install' or update your CocoaPods installation.\" >&2\n    exit 1\nfi\n# This output is used by Xcode 'outputs' to avoid re-running this script phase.\necho \"SUCCESS\" > \"${SCRIPT_OUTPUT_FILE_0}\"\n";
			showEnvVarsInLog = 0;
		};
/* End PBXShellScriptBuildPhase section */

/* Begin PBXSourcesBuildPhase section */
		09851FB61FA1D6F800BDADA3 /* Sources */ = {
			isa = PBXSourcesBuildPhase;
			buildActionMask = 2147483647;
			files = (
				098729921FA6FD0200AC2F2F /* LinkageMenuView.m in Sources */,
				0998E32E1FB0573000B3C3DF /* SYHeaderView.m in Sources */,
				09855EFA1FB455390002C21F /* PBCollectionViewLayout.m in Sources */,
				095FB0C31FAB119E00BC491B /* MMExampleDrawerVisualStateManager.m in Sources */,
				095FB0951FAB0E9E00BC491B /* LeftViewController.m in Sources */,
				095FB0C21FAB119E00BC491B /* MMDrawerVisualState.m in Sources */,
				09851FC21FA1D6F800BDADA3 /* ViewController.m in Sources */,
				0998E3231FB03A0C00B3C3DF /* ViewController1.m in Sources */,
				09851FF21FA1D7CA00BDADA3 /* OneView.m in Sources */,
				095FB0C01FAB119E00BC491B /* MMDrawerBarButtonItem.m in Sources */,
				09851FF51FA1D7F200BDADA3 /* OneCollectionViewCell.m in Sources */,
				0998E3321FB0676400B3C3DF /* UIView+Frame.m in Sources */,
				095FB0C11FAB119E00BC491B /* MMDrawerController.m in Sources */,
				0998E3291FB03A4100B3C3DF /* ViewController3.m in Sources */,
				095FB0C41FAB119E00BC491B /* UIViewController+MMDrawerController.m in Sources */,
				09DB475F1FA2F6B900A0BC23 /* TowView.m in Sources */,
				09851FCD1FA1D6F800BDADA3 /* main.m in Sources */,
				0998E3261FB03A3800B3C3DF /* ViewController2.m in Sources */,
				0953924F1FAC42D200DEC4DD /* PushViewController.m in Sources */,
				09851FBF1FA1D6F800BDADA3 /* AppDelegate.m in Sources */,
			);
			runOnlyForDeploymentPostprocessing = 0;
		};
		09851FCE1FA1D6F800BDADA3 /* Sources */ = {
			isa = PBXSourcesBuildPhase;
			buildActionMask = 2147483647;
			files = (
				09851FD71FA1D6F800BDADA3 /* LinkageTests.m in Sources */,
			);
			runOnlyForDeploymentPostprocessing = 0;
		};
		09851FD91FA1D6F800BDADA3 /* Sources */ = {
			isa = PBXSourcesBuildPhase;
			buildActionMask = 2147483647;
			files = (
				09851FE21FA1D6F800BDADA3 /* LinkageUITests.m in Sources */,
			);
			runOnlyForDeploymentPostprocessing = 0;
		};
/* End PBXSourcesBuildPhase section */

/* Begin PBXTargetDependency section */
		09851FD41FA1D6F800BDADA3 /* PBXTargetDependency */ = {
			isa = PBXTargetDependency;
			target = 09851FB91FA1D6F800BDADA3 /* Linkage */;
			targetProxy = 09851FD31FA1D6F800BDADA3 /* PBXContainerItemProxy */;
		};
		09851FDF1FA1D6F800BDADA3 /* PBXTargetDependency */ = {
			isa = PBXTargetDependency;
			target = 09851FB91FA1D6F800BDADA3 /* Linkage */;
			targetProxy = 09851FDE1FA1D6F800BDADA3 /* PBXContainerItemProxy */;
		};
/* End PBXTargetDependency section */

/* Begin PBXVariantGroup section */
		09851FC31FA1D6F800BDADA3 /* Main.storyboard */ = {
			isa = PBXVariantGroup;
			children = (
				09851FC41FA1D6F800BDADA3 /* Base */,
			);
			name = Main.storyboard;
			sourceTree = "<group>";
		};
		09851FC81FA1D6F800BDADA3 /* LaunchScreen.storyboard */ = {
			isa = PBXVariantGroup;
			children = (
				09851FC91FA1D6F800BDADA3 /* Base */,
			);
			name = LaunchScreen.storyboard;
			sourceTree = "<group>";
		};
/* End PBXVariantGroup section */

/* Begin XCBuildConfiguration section */
		09851FE41FA1D6F800BDADA3 /* Debug */ = {
			isa = XCBuildConfiguration;
			buildSettings = {
				ALWAYS_SEARCH_USER_PATHS = NO;
				CLANG_ANALYZER_NONNULL = YES;
				CLANG_ANALYZER_NUMBER_OBJECT_CONVERSION = YES_AGGRESSIVE;
				CLANG_CXX_LANGUAGE_STANDARD = "gnu++14";
				CLANG_CXX_LIBRARY = "libc++";
				CLANG_ENABLE_MODULES = YES;
				CLANG_ENABLE_OBJC_ARC = YES;
				CLANG_WARN_BLOCK_CAPTURE_AUTORELEASING = YES;
				CLANG_WARN_BOOL_CONVERSION = YES;
				CLANG_WARN_COMMA = YES;
				CLANG_WARN_CONSTANT_CONVERSION = YES;
				CLANG_WARN_DIRECT_OBJC_ISA_USAGE = YES_ERROR;
				CLANG_WARN_DOCUMENTATION_COMMENTS = YES;
				CLANG_WARN_EMPTY_BODY = YES;
				CLANG_WARN_ENUM_CONVERSION = YES;
				CLANG_WARN_INFINITE_RECURSION = YES;
				CLANG_WARN_INT_CONVERSION = YES;
				CLANG_WARN_NON_LITERAL_NULL_CONVERSION = YES;
				CLANG_WARN_OBJC_LITERAL_CONVERSION = YES;
				CLANG_WARN_OBJC_ROOT_CLASS = YES_ERROR;
				CLANG_WARN_RANGE_LOOP_ANALYSIS = YES;
				CLANG_WARN_STRICT_PROTOTYPES = YES;
				CLANG_WARN_SUSPICIOUS_MOVE = YES;
				CLANG_WARN_UNGUARDED_AVAILABILITY = YES_AGGRESSIVE;
				CLANG_WARN_UNREACHABLE_CODE = YES;
				CLANG_WARN__DUPLICATE_METHOD_MATCH = YES;
				CODE_SIGN_IDENTITY = "iPhone Developer";
				COPY_PHASE_STRIP = NO;
				DEBUG_INFORMATION_FORMAT = dwarf;
				ENABLE_STRICT_OBJC_MSGSEND = YES;
				ENABLE_TESTABILITY = YES;
				GCC_C_LANGUAGE_STANDARD = gnu11;
				GCC_DYNAMIC_NO_PIC = NO;
				GCC_NO_COMMON_BLOCKS = YES;
				GCC_OPTIMIZATION_LEVEL = 0;
				GCC_PREPROCESSOR_DEFINITIONS = (
					"DEBUG=1",
					"$(inherited)",
				);
				GCC_WARN_64_TO_32_BIT_CONVERSION = YES;
				GCC_WARN_ABOUT_RETURN_TYPE = YES_ERROR;
				GCC_WARN_UNDECLARED_SELECTOR = YES;
				GCC_WARN_UNINITIALIZED_AUTOS = YES_AGGRESSIVE;
				GCC_WARN_UNUSED_FUNCTION = YES;
				GCC_WARN_UNUSED_VARIABLE = YES;
				IPHONEOS_DEPLOYMENT_TARGET = 11.0;
				MTL_ENABLE_DEBUG_INFO = YES;
				ONLY_ACTIVE_ARCH = YES;
				SDKROOT = iphoneos;
			};
			name = Debug;
		};
		09851FE51FA1D6F800BDADA3 /* Release */ = {
			isa = XCBuildConfiguration;
			buildSettings = {
				ALWAYS_SEARCH_USER_PATHS = NO;
				CLANG_ANALYZER_NONNULL = YES;
				CLANG_ANALYZER_NUMBER_OBJECT_CONVERSION = YES_AGGRESSIVE;
				CLANG_CXX_LANGUAGE_STANDARD = "gnu++14";
				CLANG_CXX_LIBRARY = "libc++";
				CLANG_ENABLE_MODULES = YES;
				CLANG_ENABLE_OBJC_ARC = YES;
				CLANG_WARN_BLOCK_CAPTURE_AUTORELEASING = YES;
				CLANG_WARN_BOOL_CONVERSION = YES;
				CLANG_WARN_COMMA = YES;
				CLANG_WARN_CONSTANT_CONVERSION = YES;
				CLANG_WARN_DIRECT_OBJC_ISA_USAGE = YES_ERROR;
				CLANG_WARN_DOCUMENTATION_COMMENTS = YES;
				CLANG_WARN_EMPTY_BODY = YES;
				CLANG_WARN_ENUM_CONVERSION = YES;
				CLANG_WARN_INFINITE_RECURSION = YES;
				CLANG_WARN_INT_CONVERSION = YES;
				CLANG_WARN_NON_LITERAL_NULL_CONVERSION = YES;
				CLANG_WARN_OBJC_LITERAL_CONVERSION = YES;
				CLANG_WARN_OBJC_ROOT_CLASS = YES_ERROR;
				CLANG_WARN_RANGE_LOOP_ANALYSIS = YES;
				CLANG_WARN_STRICT_PROTOTYPES = YES;
				CLANG_WARN_SUSPICIOUS_MOVE = YES;
				CLANG_WARN_UNGUARDED_AVAILABILITY = YES_AGGRESSIVE;
				CLANG_WARN_UNREACHABLE_CODE = YES;
				CLANG_WARN__DUPLICATE_METHOD_MATCH = YES;
				CODE_SIGN_IDENTITY = "iPhone Developer";
				COPY_PHASE_STRIP = NO;
				DEBUG_INFORMATION_FORMAT = "dwarf-with-dsym";
				ENABLE_NS_ASSERTIONS = NO;
				ENABLE_STRICT_OBJC_MSGSEND = YES;
				GCC_C_LANGUAGE_STANDARD = gnu11;
				GCC_NO_COMMON_BLOCKS = YES;
				GCC_WARN_64_TO_32_BIT_CONVERSION = YES;
				GCC_WARN_ABOUT_RETURN_TYPE = YES_ERROR;
				GCC_WARN_UNDECLARED_SELECTOR = YES;
				GCC_WARN_UNINITIALIZED_AUTOS = YES_AGGRESSIVE;
				GCC_WARN_UNUSED_FUNCTION = YES;
				GCC_WARN_UNUSED_VARIABLE = YES;
				IPHONEOS_DEPLOYMENT_TARGET = 11.0;
				MTL_ENABLE_DEBUG_INFO = NO;
				SDKROOT = iphoneos;
				VALIDATE_PRODUCT = YES;
			};
			name = Release;
		};
		09851FE71FA1D6F800BDADA3 /* Debug */ = {
			isa = XCBuildConfiguration;
			baseConfigurationReference = 551E185FE6CBD23A3CE0C2BC /* Pods-Linkage.debug.xcconfig */;
			buildSettings = {
				ASSETCATALOG_COMPILER_APPICON_NAME = AppIcon;
				CODE_SIGN_STYLE = Automatic;
				ENABLE_BITCODE = YES;
				GCC_PREFIX_HEADER = "/Users/zuiaishishenlan/Desktop/xcode9-/Linkage/Linkage/PrefixHeader.pch";
				INFOPLIST_FILE = Linkage/Info.plist;
				IPHONEOS_DEPLOYMENT_TARGET = 11.0;
				LD_RUNPATH_SEARCH_PATHS = "$(inherited) @executable_path/Frameworks";
				PRODUCT_BUNDLE_IDENTIFIER = ProductTest.Linkage;
				PRODUCT_NAME = "$(TARGET_NAME)";
				TARGETED_DEVICE_FAMILY = "1,2";
			};
			name = Debug;
		};
		09851FE81FA1D6F800BDADA3 /* Release */ = {
			isa = XCBuildConfiguration;
			baseConfigurationReference = 5F2C75A6D120920407EC49A8 /* Pods-Linkage.release.xcconfig */;
			buildSettings = {
				ASSETCATALOG_COMPILER_APPICON_NAME = AppIcon;
				CODE_SIGN_STYLE = Automatic;
				ENABLE_BITCODE = YES;
				GCC_PREFIX_HEADER = "/Users/zuiaishishenlan/Desktop/xcode9-/Linkage/Linkage/PrefixHeader.pch";
				INFOPLIST_FILE = Linkage/Info.plist;
				IPHONEOS_DEPLOYMENT_TARGET = 11.0;
				LD_RUNPATH_SEARCH_PATHS = "$(inherited) @executable_path/Frameworks";
				PRODUCT_BUNDLE_IDENTIFIER = ProductTest.Linkage;
				PRODUCT_NAME = "$(TARGET_NAME)";
				TARGETED_DEVICE_FAMILY = "1,2";
			};
			name = Release;
		};
		09851FEA1FA1D6F800BDADA3 /* Debug */ = {
			isa = XCBuildConfiguration;
			buildSettings = {
				BUNDLE_LOADER = "$(TEST_HOST)";
				CODE_SIGN_STYLE = Automatic;
				INFOPLIST_FILE = LinkageTests/Info.plist;
				LD_RUNPATH_SEARCH_PATHS = "$(inherited) @executable_path/Frameworks @loader_path/Frameworks";
				PRODUCT_BUNDLE_IDENTIFIER = ProductTest.LinkageTests;
				PRODUCT_NAME = "$(TARGET_NAME)";
				TARGETED_DEVICE_FAMILY = "1,2";
				TEST_HOST = "$(BUILT_PRODUCTS_DIR)/Linkage.app/Linkage";
			};
			name = Debug;
		};
		09851FEB1FA1D6F800BDADA3 /* Release */ = {
			isa = XCBuildConfiguration;
			buildSettings = {
				BUNDLE_LOADER = "$(TEST_HOST)";
				CODE_SIGN_STYLE = Automatic;
				INFOPLIST_FILE = LinkageTests/Info.plist;
				LD_RUNPATH_SEARCH_PATHS = "$(inherited) @executable_path/Frameworks @loader_path/Frameworks";
				PRODUCT_BUNDLE_IDENTIFIER = ProductTest.LinkageTests;
				PRODUCT_NAME = "$(TARGET_NAME)";
				TARGETED_DEVICE_FAMILY = "1,2";
				TEST_HOST = "$(BUILT_PRODUCTS_DIR)/Linkage.app/Linkage";
			};
			name = Release;
		};
		09851FED1FA1D6F800BDADA3 /* Debug */ = {
			isa = XCBuildConfiguration;
			buildSettings = {
				CODE_SIGN_STYLE = Automatic;
				INFOPLIST_FILE = LinkageUITests/Info.plist;
				LD_RUNPATH_SEARCH_PATHS = "$(inherited) @executable_path/Frameworks @loader_path/Frameworks";
				PRODUCT_BUNDLE_IDENTIFIER = ProductTest.LinkageUITests;
				PRODUCT_NAME = "$(TARGET_NAME)";
				TARGETED_DEVICE_FAMILY = "1,2";
				TEST_TARGET_NAME = Linkage;
			};
			name = Debug;
		};
		09851FEE1FA1D6F800BDADA3 /* Release */ = {
			isa = XCBuildConfiguration;
			buildSettings = {
				CODE_SIGN_STYLE = Automatic;
				INFOPLIST_FILE = LinkageUITests/Info.plist;
				LD_RUNPATH_SEARCH_PATHS = "$(inherited) @executable_path/Frameworks @loader_path/Frameworks";
				PRODUCT_BUNDLE_IDENTIFIER = ProductTest.LinkageUITests;
				PRODUCT_NAME = "$(TARGET_NAME)";
				TARGETED_DEVICE_FAMILY = "1,2";
				TEST_TARGET_NAME = Linkage;
			};
			name = Release;
		};
/* End XCBuildConfiguration section */

/* Begin XCConfigurationList section */
		09851FB51FA1D6F700BDADA3 /* Build configuration list for PBXProject "Linkage" */ = {
			isa = XCConfigurationList;
			buildConfigurations = (
				09851FE41FA1D6F800BDADA3 /* Debug */,
				09851FE51FA1D6F800BDADA3 /* Release */,
			);
			defaultConfigurationIsVisible = 0;
			defaultConfigurationName = Release;
		};
		09851FE61FA1D6F800BDADA3 /* Build configuration list for PBXNativeTarget "Linkage" */ = {
			isa = XCConfigurationList;
			buildConfigurations = (
				09851FE71FA1D6F800BDADA3 /* Debug */,
				09851FE81FA1D6F800BDADA3 /* Release */,
			);
			defaultConfigurationIsVisible = 0;
			defaultConfigurationName = Release;
		};
		09851FE91FA1D6F800BDADA3 /* Build configuration list for PBXNativeTarget "LinkageTests" */ = {
			isa = XCConfigurationList;
			buildConfigurations = (
				09851FEA1FA1D6F800BDADA3 /* Debug */,
				09851FEB1FA1D6F800BDADA3 /* Release */,
			);
			defaultConfigurationIsVisible = 0;
			defaultConfigurationName = Release;
		};
		09851FEC1FA1D6F800BDADA3 /* Build configuration list for PBXNativeTarget "LinkageUITests" */ = {
			isa = XCConfigurationList;
			buildConfigurations = (
				09851FED1FA1D6F800BDADA3 /* Debug */,
				09851FEE1FA1D6F800BDADA3 /* Release */,
			);
			defaultConfigurationIsVisible = 0;
			defaultConfigurationName = Release;
		};
/* End XCConfigurationList section */
	};
	rootObject = 09851FB21FA1D6F700BDADA3 /* Project object */;
}
